
Microsoft Visual Studio Solution File, Format Version 12.00
# Visual Studio Version 17
VisualStudioVersion = 17.6.33815.320
MinimumVisualStudioVersion = 10.0.40219.1
Project("{9A19103F-16F7-4668-BE54-9A1E7A4F7556}") = "MeterReadingWebAPI", "MeterReadingWebAPI\MeterReadingWebAPI.csproj", "{1FFD96CD-44D3-411A-ACB6-F785B275F8BA}"
EndProject
Project("{2150E333-8FDC-42A3-9474-1A3956D46DE8}") = "Data", "Data", "{6D4509EC-B6A6-4057-BCC4-1ACA864F11AB}"
	ProjectSection(SolutionItems) = preProject
		data\Meter_Reading.csv = data\Meter_Reading.csv
		data\Test_Accounts.csv = data\Test_Accounts.csv
	EndProjectSection
EndProject
Project("{9A19103F-16F7-4668-BE54-9A1E7A4F7556}") = "MeterReadingWebApiTests", "MeterReadingWebApiTests\MeterReadingWebApiTests.csproj", "{00F2A172-61D1-483B-82D0-8311FF43F8A6}"
EndProject
Project("{9A19103F-16F7-4668-BE54-9A1E7A4F7556}") = "MeterReadingRepository", "MeterReadingRepository\MeterReadingRepository.csproj", "{10CBCC92-2B33-40DE-84B5-BEF3597F8FF5}"
EndProject
Project("{FAE04EC0-301F-11D3-BF4B-00C04F79EFBC}") = "MeterReadingInterfaces", "MeterReadingInterfaces\MeterReadingInterfaces.csproj", "{4C6429CB-9840-4E59-976F-330E0477907E}"
EndProject
Project("{FAE04EC0-301F-11D3-BF4B-00C04F79EFBC}") = "MeterReadingModel", "MeterReadingModel\MeterReadingModel.csproj", "{41A68FB1-FF3E-4CEB-B52E-BC50D24DC858}"
EndProject
Project("{FAE04EC0-301F-11D3-BF4B-00C04F79EFBC}") = "MeterReadingServices", "MeterReadingServices\MeterReadingServices.csproj", "{66DC160F-E8EE-46D8-9AE5-DB91BC650B6C}"
EndProject
Global
	GlobalSection(SolutionConfigurationPlatforms) = preSolution
		Debug|Any CPU = Debug|Any CPU
		Release|Any CPU = Release|Any CPU
	EndGlobalSection
	GlobalSection(ProjectConfigurationPlatforms) = postSolution
		{1FFD96CD-44D3-411A-ACB6-F785B275F8BA}.Debug|Any CPU.ActiveCfg = Debug|Any CPU
		{1FFD96CD-44D3-411A-ACB6-F785B275F8BA}.Debug|Any CPU.Build.0 = Debug|Any CPU
		{1FFD96CD-44D3-411A-ACB6-F785B275F8BA}.Release|Any CPU.ActiveCfg = Release|Any CPU
		{1FFD96CD-44D3-411A-ACB6-F785B275F8BA}.Release|Any CPU.Build.0 = Release|Any CPU
		{00F2A172-61D1-483B-82D0-8311FF43F8A6}.Debug|Any CPU.ActiveCfg = Debug|Any CPU
		{00F2A172-61D1-483B-82D0-8311FF43F8A6}.Debug|Any CPU.Build.0 = Debug|Any CPU
		{00F2A172-61D1-483B-82D0-8311FF43F8A6}.Release|Any CPU.ActiveCfg = Release|Any CPU
		{00F2A172-61D1-483B-82D0-8311FF43F8A6}.Release|Any CPU.Build.0 = Release|Any CPU
		{10CBCC92-2B33-40DE-84B5-BEF3597F8FF5}.Debug|Any CPU.ActiveCfg = Debug|Any CPU
		{10CBCC92-2B33-40DE-84B5-BEF3597F8FF5}.Debug|Any CPU.Build.0 = Debug|Any CPU
		{10CBCC92-2B33-40DE-84B5-BEF3597F8FF5}.Release|Any CPU.ActiveCfg = Release|Any CPU
		{10CBCC92-2B33-40DE-84B5-BEF3597F8FF5}.Release|Any CPU.Build.0 = Release|Any CPU
		{4C6429CB-9840-4E59-976F-330E0477907E}.Debug|Any CPU.ActiveCfg = Debug|Any CPU
		{4C6429CB-9840-4E59-976F-330E0477907E}.Debug|Any CPU.Build.0 = Debug|Any CPU
		{4C6429CB-9840-4E59-976F-330E0477907E}.Release|Any CPU.ActiveCfg = Release|Any CPU
		{4C6429CB-9840-4E59-976F-330E0477907E}.Release|Any CPU.Build.0 = Release|Any CPU
		{41A68FB1-FF3E-4CEB-B52E-BC50D24DC858}.Debug|Any CPU.ActiveCfg = Debug|Any CPU
		{41A68FB1-FF3E-4CEB-B52E-BC50D24DC858}.Debug|Any CPU.Build.0 = Debug|Any CPU
		{41A68FB1-FF3E-4CEB-B52E-BC50D24DC858}.Release|Any CPU.ActiveCfg = Release|Any CPU
		{41A68FB1-FF3E-4CEB-B52E-BC50D24DC858}.Release|Any CPU.Build.0 = Release|Any CPU
		{66DC160F-E8EE-46D8-9AE5-DB91BC650B6C}.Debug|Any CPU.ActiveCfg = Debug|Any CPU
		{66DC160F-E8EE-46D8-9AE5-DB91BC650B6C}.Debug|Any CPU.Build.0 = Debug|Any CPU
		{66DC160F-E8EE-46D8-9AE5-DB91BC650B6C}.Release|Any CPU.ActiveCfg = Release|Any CPU
		{66DC160F-E8EE-46D8-9AE5-DB91BC650B6C}.Release|Any CPU.Build.0 = Release|Any CPU
	EndGlobalSection
	GlobalSection(SolutionProperties) = preSolution
		HideSolutionNode = FALSE
	EndGlobalSection
	GlobalSection(ExtensibilityGlobals) = postSolution
		SolutionGuid = {7D52BBA8-9525-40BD-A0D0-775B8E206C33}
	EndGlobalSection
EndGlobal
